<?xml version="1.0" encoding="utf-8"?>
<Project ToolsVersion="4.0" xmlns="http://schemas.microsoft.com/developer/msbuild/2003">
  <ItemGroup>
    <Filter Include="Positron">
      <UniqueIdentifier>{E304B5C4-CFD1-0FD0-F8EA-FD77E416455E}</UniqueIdentifier>
    </Filter>
  </ItemGroup>
  <ItemGroup>
    <ClInclude Include="src\Positron.h" />
    <ClInclude Include="src\Positron\Application.h">
      <Filter>Positron</Filter>
    </ClInclude>
    <ClInclude Include="src\Positron\Core.h">
      <Filter>Positron</Filter>
    </ClInclude>
    <ClInclude Include="src\Positron\EntryPoint.h">
      <Filter>Positron</Filter>
    </ClInclude>
    <ClInclude Include="src\Positron\Log.h">
      <Filter>Positron</Filter>
    </ClInclude>
  </ItemGroup>
  <ItemGroup>
    <ClCompile Include="src\Positron\Application.cpp">
      <Filter>Positron</Filter>
    </ClCompile>
    <ClCompile Include="src\Positron\Log.cpp">
      <Filter>Positron</Filter>
    </ClCompile>
  </ItemGroup>
</Project>