<?xml version="1.0" encoding="utf-8"?>
<Project ToolsVersion="4.0" xmlns="http://schemas.microsoft.com/developer/msbuild/2003">
  <ItemGroup>
    <Filter Include="Platform">
      <UniqueIdentifier>{2AC788B4-1694-E3BF-3FAD-D1672BD9184E}</UniqueIdentifier>
    </Filter>
    <Filter Include="Platform\Windows">
      <UniqueIdentifier>{64FBD71A-50F4-F66C-7926-DCF1657ED678}</UniqueIdentifier>
    </Filter>
    <Filter Include="Positron">
      <UniqueIdentifier>{E304B5C4-CFD1-0FD0-F8EA-FD77E416455E}</UniqueIdentifier>
    </Filter>
    <Filter Include="Positron\Core">
      <UniqueIdentifier>{1BAF7367-876F-EF9D-50AA-381BBC29347A}</UniqueIdentifier>
    </Filter>
    <Filter Include="Positron\Events">
      <UniqueIdentifier>{67F33D18-D37E-ABDC-DC8F-2ED1489A07DD}</UniqueIdentifier>
    </Filter>
  </ItemGroup>
  <ItemGroup>
    <ClInclude Include="src\Platform\Windows\Win32Window.h">
      <Filter>Platform\Windows</Filter>
    </ClInclude>
    <ClInclude Include="src\Positron.h" />
    <ClInclude Include="src\Positron\Core\Application.h">
      <Filter>Positron\Core</Filter>
    </ClInclude>
    <ClInclude Include="src\Positron\Core\Core.h">
      <Filter>Positron\Core</Filter>
    </ClInclude>
    <ClInclude Include="src\Positron\Core\Geometry.h">
      <Filter>Positron\Core</Filter>
    </ClInclude>
    <ClInclude Include="src\Positron\Core\InputCodes.h">
      <Filter>Positron\Core</Filter>
    </ClInclude>
    <ClInclude Include="src\Positron\Core\Layer.h">
      <Filter>Positron\Core</Filter>
    </ClInclude>
    <ClInclude Include="src\Positron\Core\LayerStack.h">
      <Filter>Positron\Core</Filter>
    </ClInclude>
    <ClInclude Include="src\Positron\Core\Log.h">
      <Filter>Positron\Core</Filter>
    </ClInclude>
    <ClInclude Include="src\Positron\Core\Window.h">
      <Filter>Positron\Core</Filter>
    </ClInclude>
    <ClInclude Include="src\Positron\EntryPoint.h">
      <Filter>Positron</Filter>
    </ClInclude>
    <ClInclude Include="src\Positron\Events\ApplicationEvent.h">
      <Filter>Positron\Events</Filter>
    </ClInclude>
    <ClInclude Include="src\Positron\Events\Event.h">
      <Filter>Positron\Events</Filter>
    </ClInclude>
    <ClInclude Include="src\Positron\Events\KeyboardEvent.h">
      <Filter>Positron\Events</Filter>
    </ClInclude>
    <ClInclude Include="src\Positron\Events\MouseEvent.h">
      <Filter>Positron\Events</Filter>
    </ClInclude>
    <ClInclude Include="src\Positron\Events\WindowEvent.h">
      <Filter>Positron\Events</Filter>
    </ClInclude>
    <ClInclude Include="src\pch.h" />
  </ItemGroup>
  <ItemGroup>
    <ClCompile Include="src\Platform\Windows\Win32Window.cpp">
      <Filter>Platform\Windows</Filter>
    </ClCompile>
    <ClCompile Include="src\Positron\Core\Application.cpp">
      <Filter>Positron\Core</Filter>
    </ClCompile>
    <ClCompile Include="src\Positron\Core\LayerStack.cpp">
      <Filter>Positron\Core</Filter>
    </ClCompile>
    <ClCompile Include="src\Positron\Core\Log.cpp">
      <Filter>Positron\Core</Filter>
    </ClCompile>
    <ClCompile Include="src\pch.cpp" />
  </ItemGroup>
</Project>